
Microsoft Visual Studio Solution File, Format Version 12.00
# Visual Studio Version 16
VisualStudioVersion = 16.0.31613.86
MinimumVisualStudioVersion = 10.0.40219.1
Project("{FAE04EC0-301F-11D3-BF4B-00C04F79EFBC}") = "OOP", "OOP\OOP.csproj", "{EFB6CD5F-8F04-4FB1-8FF8-448EAD8DA232}"
EndProject
Global
	GlobalSection(SolutionConfigurationPlatforms) = preSolution
		Debug|Any CPU = Debug|Any CPU
		Release|Any CPU = Release|Any CPU
	EndGlobalSection
	GlobalSection(ProjectConfigurationPlatforms) = postSolution
		{EFB6CD5F-8F04-4FB1-8FF8-448EAD8DA232}.Debug|Any CPU.ActiveCfg = Debug|Any CPU
		{EFB6CD5F-8F04-4FB1-8FF8-448EAD8DA232}.Debug|Any CPU.Build.0 = Debug|Any CPU
		{EFB6CD5F-8F04-4FB1-8FF8-448EAD8DA232}.Release|Any CPU.ActiveCfg = Release|Any CPU
		{EFB6CD5F-8F04-4FB1-8FF8-448EAD8DA232}.Release|Any CPU.Build.0 = Release|Any CPU
	EndGlobalSection
	GlobalSection(SolutionProperties) = preSolution
		HideSolutionNode = FALSE
	EndGlobalSection
	GlobalSection(ExtensibilityGlobals) = postSolution
		SolutionGuid = {123E26E6-ABBC-4BA6-AEA5-692A9D493048}
	EndGlobalSection
EndGlobal
